
Microsoft Visual Studio Solution File, Format Version 12.00
# Visual Studio Version 17
VisualStudioVersion = 17.13.35825.156 d17.13
MinimumVisualStudioVersion = 10.0.40219.1
Project("{FAE04EC0-301F-11D3-BF4B-00C04F79EFBC}") = "PaperCraft", "PaperCraft\PaperCraft.csproj", "{28DDAD32-6AF2-4580-9CD3-B460DB047E51}"
EndProject
Global
	GlobalSection(SolutionConfigurationPlatforms) = preSolution
		Debug|Any CPU = Debug|Any CPU
		Release|Any CPU = Release|Any CPU
	EndGlobalSection
	GlobalSection(ProjectConfigurationPlatforms) = postSolution
		{28DDAD32-6AF2-4580-9CD3-B460DB047E51}.Debug|Any CPU.ActiveCfg = Debug|Any CPU
		{28DDAD32-6AF2-4580-9CD3-B460DB047E51}.Debug|Any CPU.Build.0 = Debug|Any CPU
		{28DDAD32-6AF2-4580-9CD3-B460DB047E51}.Release|Any CPU.ActiveCfg = Release|Any CPU
		{28DDAD32-6AF2-4580-9CD3-B460DB047E51}.Release|Any CPU.Build.0 = Release|Any CPU
	EndGlobalSection
	GlobalSection(SolutionProperties) = preSolution
		HideSolutionNode = FALSE
	EndGlobalSection
	GlobalSection(ExtensibilityGlobals) = postSolution
		SolutionGuid = {F61B4F97-1CCE-4198-829E-2BD7A2D01ACE}
	EndGlobalSection
EndGlobal
